
Microsoft Visual Studio Solution File, Format Version 12.00
# Visual Studio Version 16
VisualStudioVersion = 16.0.30517.126
MinimumVisualStudioVersion = 10.0.40219.1
Project("{FAE04EC0-301F-11D3-BF4B-00C04F79EFBC}") = "LR7", "LR7.csproj", "{4DC7BC10-4F68-4ACB-B803-9B094F6E0E63}"
EndProject
Global
	GlobalSection(SolutionConfigurationPlatforms) = preSolution
		Debug|Any CPU = Debug|Any CPU
		Release|Any CPU = Release|Any CPU
	EndGlobalSection
	GlobalSection(ProjectConfigurationPlatforms) = postSolution
		{4DC7BC10-4F68-4ACB-B803-9B094F6E0E63}.Debug|Any CPU.ActiveCfg = Debug|Any CPU
		{4DC7BC10-4F68-4ACB-B803-9B094F6E0E63}.Debug|Any CPU.Build.0 = Debug|Any CPU
		{4DC7BC10-4F68-4ACB-B803-9B094F6E0E63}.Release|Any CPU.ActiveCfg = Release|Any CPU
		{4DC7BC10-4F68-4ACB-B803-9B094F6E0E63}.Release|Any CPU.Build.0 = Release|Any CPU
	EndGlobalSection
	GlobalSection(SolutionProperties) = preSolution
		HideSolutionNode = FALSE
	EndGlobalSection
	GlobalSection(ExtensibilityGlobals) = postSolution
		SolutionGuid = {610BA67A-DD75-402B-A7A0-172D4D8D4A05}
	EndGlobalSection
EndGlobal
