
Microsoft Visual Studio Solution File, Format Version 12.00
# Visual Studio Version 16
VisualStudioVersion = 16.0.30517.126
MinimumVisualStudioVersion = 10.0.40219.1
Project("{FAE04EC0-301F-11D3-BF4B-00C04F79EFBC}") = "LR5", "LR5.csproj", "{573F9E6B-5C0A-4823-8147-5CF12D04D6D5}"
EndProject
Global
	GlobalSection(SolutionConfigurationPlatforms) = preSolution
		Debug|Any CPU = Debug|Any CPU
		Release|Any CPU = Release|Any CPU
	EndGlobalSection
	GlobalSection(ProjectConfigurationPlatforms) = postSolution
		{573F9E6B-5C0A-4823-8147-5CF12D04D6D5}.Debug|Any CPU.ActiveCfg = Debug|Any CPU
		{573F9E6B-5C0A-4823-8147-5CF12D04D6D5}.Debug|Any CPU.Build.0 = Debug|Any CPU
		{573F9E6B-5C0A-4823-8147-5CF12D04D6D5}.Release|Any CPU.ActiveCfg = Release|Any CPU
		{573F9E6B-5C0A-4823-8147-5CF12D04D6D5}.Release|Any CPU.Build.0 = Release|Any CPU
	EndGlobalSection
	GlobalSection(SolutionProperties) = preSolution
		HideSolutionNode = FALSE
	EndGlobalSection
	GlobalSection(ExtensibilityGlobals) = postSolution
		SolutionGuid = {CAC10A79-59D3-4977-A182-1F68511732FF}
	EndGlobalSection
EndGlobal
