
Microsoft Visual Studio Solution File, Format Version 12.00
# Visual Studio Version 16
VisualStudioVersion = 16.0.30517.126
MinimumVisualStudioVersion = 10.0.40219.1
Project("{FAE04EC0-301F-11D3-BF4B-00C04F79EFBC}") = "LR 4", "LR 4.csproj", "{B00F4466-43D0-4B26-87BF-735C8EA6ADF9}"
EndProject
Global
	GlobalSection(SolutionConfigurationPlatforms) = preSolution
		Debug|Any CPU = Debug|Any CPU
		Release|Any CPU = Release|Any CPU
	EndGlobalSection
	GlobalSection(ProjectConfigurationPlatforms) = postSolution
		{B00F4466-43D0-4B26-87BF-735C8EA6ADF9}.Debug|Any CPU.ActiveCfg = Debug|Any CPU
		{B00F4466-43D0-4B26-87BF-735C8EA6ADF9}.Debug|Any CPU.Build.0 = Debug|Any CPU
		{B00F4466-43D0-4B26-87BF-735C8EA6ADF9}.Release|Any CPU.ActiveCfg = Release|Any CPU
		{B00F4466-43D0-4B26-87BF-735C8EA6ADF9}.Release|Any CPU.Build.0 = Release|Any CPU
	EndGlobalSection
	GlobalSection(SolutionProperties) = preSolution
		HideSolutionNode = FALSE
	EndGlobalSection
	GlobalSection(ExtensibilityGlobals) = postSolution
		SolutionGuid = {55A8E651-B49E-4922-B6B3-E15C189FB2A1}
	EndGlobalSection
EndGlobal
